<Solution>
  <Folder Name="/app/" />
  <Folder Name="/app/ConsoleApp/">
    <Project Path="app/ConsoleApp/app.csproj" />
  </Folder>
  <Folder Name="/src/">
    <Project Path="src/AbstractLayer/AbstractLayer.csproj" />
    <Project Path="src/CircuitAnalysis/CircuitAnalysis.csproj" />
    <Project Path="src/DataReading/DataReading.csproj" />
    <Project Path="src/DataWriting/DataWriting.csproj" />
    <Project Path="src/ElectricalComponents/ElectricalComponents.csproj" />
    <Project Path="src/Graph/Graph.csproj" />
  </Folder>
  <Folder Name="/src/Maths/">
    <Project Path="src/Maths/LinAlgebra/LinAlgebra.csproj" />
  </Folder>
</Solution>
